<?xml version="1.0" encoding="utf-8"?>
<Project ToolsVersion="12.0" xmlns="http://schemas.microsoft.com/developer/msbuild/2003">
  <ItemGroup>
    <ClCompile Include="..\..\src\tools\genrevision\genrevision.cpp" />
  </ItemGroup>
  <ItemGroup>
    <Filter Include="Source Files">
      <UniqueIdentifier>{2CC099F7-F112-43EF-8D5C-58BA8BA8D70A}</UniqueIdentifier>
    </Filter>
  </ItemGroup>
</Project>