Microsoft Visual Studio Solution File, Format Version 12.00
# Visual Studio 2012
Project("{8BC9CEB8-8B4A-11D0-8D11-00A0C91BC942}") = "bzip2", "VC110\bzip2.vcxproj", "{BC139E42-505E-430B-8610-6ED2B1E358E8}"
EndProject
Project("{8BC9CEB8-8B4A-11D0-8D11-00A0C91BC942}") = "libmpq", "VC110\libmpq.vcxproj", "{449D15D0-B3B9-4195-AB9C-E205FF77ABBE}"
	ProjectSection(ProjectDependencies) = postProject
		{BC139E42-505E-430B-8610-6ED2B1E358E8} = {BC139E42-505E-430B-8610-6ED2B1E358E8}
	EndProjectSection
EndProject
Project("{8BC9CEB8-8B4A-11D0-8D11-00A0C91BC942}") = "loadlib", "VC110\loadlib.vcxproj", "{29E1FE24-1C69-4E6B-945D-02544988A5FA}"
	ProjectSection(ProjectDependencies) = postProject
		{8D3CF9B7-05F2-4BCF-B833-27B279FDEAF3} = {8D3CF9B7-05F2-4BCF-B833-27B279FDEAF3}
	EndProjectSection
EndProject
Project("{8BC9CEB8-8B4A-11D0-8D11-00A0C91BC942}") = "map-extractor", "VC110\map-extractor.vcxproj", "{356A660D-07F5-4744-A423-E0128E7874A3}"
	ProjectSection(ProjectDependencies) = postProject
		{29E1FE24-1C69-4E6B-945D-02544988A5FA} = {29E1FE24-1C69-4E6B-945D-02544988A5FA}
		{BC139E42-505E-430B-8610-6ED2B1E358E8} = {BC139E42-505E-430B-8610-6ED2B1E358E8}
		{8D3CF9B7-05F2-4BCF-B833-27B279FDEAF3} = {8D3CF9B7-05F2-4BCF-B833-27B279FDEAF3}
		{449D15D0-B3B9-4195-AB9C-E205FF77ABBE} = {449D15D0-B3B9-4195-AB9C-E205FF77ABBE}
	EndProjectSection
EndProject
Project("{8BC9CEB8-8B4A-11D0-8D11-00A0C91BC942}") = "zlib", "VC110\zlib.vcxproj", "{8D3CF9B7-05F2-4BCF-B833-27B279FDEAF3}"
EndProject
Project("{8BC9CEB8-8B4A-11D0-8D11-00A0C91BC942}") = "CopytoOutput", "VC110\CopytoOutput.vcxproj", "{8D43785F-8B15-42AA-A8D1-6DE482FC06B8}"
	ProjectSection(ProjectDependencies) = postProject
		{356A660D-07F5-4744-A423-E0128E7874A3} = {356A660D-07F5-4744-A423-E0128E7874A3}
		{9CF8718E-A789-4DFC-9317-701671EC620E} = {9CF8718E-A789-4DFC-9317-701671EC620E}
		{485F08B8-BAD4-47C1-8B49-17B9949B123E} = {485F08B8-BAD4-47C1-8B49-17B9949B123E}
		{D80713DC-AF9C-424D-AA8A-204090DA6E5B} = {D80713DC-AF9C-424D-AA8A-204090DA6E5B}
		{DC1E54E3-D6B3-454F-B5BE-D7ACA2D13C0D} = {DC1E54E3-D6B3-454F-B5BE-D7ACA2D13C0D}
		{23AFA1F9-A301-4123-81D8-777D3DE349C4} = {23AFA1F9-A301-4123-81D8-777D3DE349C4}
	EndProjectSection
EndProject
Global
	GlobalSection(SolutionConfigurationPlatforms) = preSolution
		Debug|Win32 = Debug|Win32
		Release|Win32 = Release|Win32
	EndGlobalSection
	GlobalSection(ProjectConfigurationPlatforms) = postSolution
		{61BCE72F-B726-48F3-9D02-7FD551F82DF8}.Debug|Win32.ActiveCfg = Debug|Win32
		{61BCE72F-B726-48F3-9D02-7FD551F82DF8}.Debug|Win32.Build.0 = Debug|Win32
		{61BCE72F-B726-48F3-9D02-7FD551F82DF8}.Release|Win32.ActiveCfg = Release|Win32
		{61BCE72F-B726-48F3-9D02-7FD551F82DF8}.Release|Win32.Build.0 = Release|Win32
		{D70895A7-4EA1-48BE-A557-834D4357BAD3}.Debug|Win32.ActiveCfg = Debug|Win32
		{D70895A7-4EA1-48BE-A557-834D4357BAD3}.Debug|Win32.Build.0 = Debug|Win32
		{D70895A7-4EA1-48BE-A557-834D4357BAD3}.Release|Win32.ActiveCfg = Release|Win32
		{D70895A7-4EA1-48BE-A557-834D4357BAD3}.Release|Win32.Build.0 = Release|Win32
		{BC139E42-505E-430B-8610-6ED2B1E358E8}.Debug|Win32.ActiveCfg = Debug|Win32
		{BC139E42-505E-430B-8610-6ED2B1E358E8}.Debug|Win32.Build.0 = Debug|Win32
		{BC139E42-505E-430B-8610-6ED2B1E358E8}.Release|Win32.ActiveCfg = Release|Win32
		{BC139E42-505E-430B-8610-6ED2B1E358E8}.Release|Win32.Build.0 = Release|Win32
		{3FECACB6-BD35-4857-BF55-A56B5E6C6D77}.Debug|Win32.ActiveCfg = Debug|Win32
		{3FECACB6-BD35-4857-BF55-A56B5E6C6D77}.Debug|Win32.Build.0 = Debug|Win32
		{3FECACB6-BD35-4857-BF55-A56B5E6C6D77}.Release|Win32.ActiveCfg = Release|Win32
		{3FECACB6-BD35-4857-BF55-A56B5E6C6D77}.Release|Win32.Build.0 = Release|Win32
		{915B99FF-5340-4BCE-AAE7-D3737443498B}.Debug|Win32.ActiveCfg = Debug|Win32
		{915B99FF-5340-4BCE-AAE7-D3737443498B}.Debug|Win32.Build.0 = Debug|Win32
		{915B99FF-5340-4BCE-AAE7-D3737443498B}.Release|Win32.ActiveCfg = Release|Win32
		{915B99FF-5340-4BCE-AAE7-D3737443498B}.Release|Win32.Build.0 = Release|Win32
		{367CCE76-14A7-4871-93D6-579DA35FBEFD}.Debug|Win32.ActiveCfg = Debug|Win32
		{367CCE76-14A7-4871-93D6-579DA35FBEFD}.Debug|Win32.Build.0 = Debug|Win32
		{367CCE76-14A7-4871-93D6-579DA35FBEFD}.Release|Win32.ActiveCfg = Release|Win32
		{367CCE76-14A7-4871-93D6-579DA35FBEFD}.Release|Win32.Build.0 = Release|Win32
		{C69C7C98-6E13-4A3A-BD7C-7BA82BAA1933}.Debug|Win32.ActiveCfg = Debug|Win32
		{C69C7C98-6E13-4A3A-BD7C-7BA82BAA1933}.Debug|Win32.Build.0 = Debug|Win32
		{C69C7C98-6E13-4A3A-BD7C-7BA82BAA1933}.Release|Win32.ActiveCfg = Release|Win32
		{C69C7C98-6E13-4A3A-BD7C-7BA82BAA1933}.Release|Win32.Build.0 = Release|Win32
		{304083A8-CF14-496E-BF87-F4007D677274}.Debug|Win32.ActiveCfg = Debug|Win32
		{304083A8-CF14-496E-BF87-F4007D677274}.Debug|Win32.Build.0 = Debug|Win32
		{304083A8-CF14-496E-BF87-F4007D677274}.Release|Win32.ActiveCfg = Release|Win32
		{304083A8-CF14-496E-BF87-F4007D677274}.Release|Win32.Build.0 = Release|Win32
		{53CF48ED-FEFE-4165-A9CA-F000ABC572B6}.Debug|Win32.ActiveCfg = Debug|Win32
		{53CF48ED-FEFE-4165-A9CA-F000ABC572B6}.Debug|Win32.Build.0 = Debug|Win32
		{53CF48ED-FEFE-4165-A9CA-F000ABC572B6}.Release|Win32.ActiveCfg = Release|Win32
		{53CF48ED-FEFE-4165-A9CA-F000ABC572B6}.Release|Win32.Build.0 = Release|Win32
		{449D15D0-B3B9-4195-AB9C-E205FF77ABBE}.Debug|Win32.ActiveCfg = Debug|Win32
		{449D15D0-B3B9-4195-AB9C-E205FF77ABBE}.Debug|Win32.Build.0 = Debug|Win32
		{449D15D0-B3B9-4195-AB9C-E205FF77ABBE}.Release|Win32.ActiveCfg = Release|Win32
		{449D15D0-B3B9-4195-AB9C-E205FF77ABBE}.Release|Win32.Build.0 = Release|Win32
		{29E1FE24-1C69-4E6B-945D-02544988A5FA}.Debug|Win32.ActiveCfg = Debug|Win32
		{29E1FE24-1C69-4E6B-945D-02544988A5FA}.Debug|Win32.Build.0 = Debug|Win32
		{29E1FE24-1C69-4E6B-945D-02544988A5FA}.Release|Win32.ActiveCfg = Release|Win32
		{29E1FE24-1C69-4E6B-945D-02544988A5FA}.Release|Win32.Build.0 = Release|Win32
		{0AC3742A-F311-428C-8EF1-8D6B8627A8A2}.Debug|Win32.ActiveCfg = Debug|Win32
		{0AC3742A-F311-428C-8EF1-8D6B8627A8A2}.Debug|Win32.Build.0 = Debug|Win32
		{0AC3742A-F311-428C-8EF1-8D6B8627A8A2}.Release|Win32.ActiveCfg = Release|Win32
		{0AC3742A-F311-428C-8EF1-8D6B8627A8A2}.Release|Win32.Build.0 = Release|Win32
		{485F08B8-BAD4-47C1-8B49-17B9949B123E}.Debug|Win32.ActiveCfg = Debug|Win32
		{485F08B8-BAD4-47C1-8B49-17B9949B123E}.Debug|Win32.Build.0 = Debug|Win32
		{485F08B8-BAD4-47C1-8B49-17B9949B123E}.Release|Win32.ActiveCfg = Release|Win32
		{485F08B8-BAD4-47C1-8B49-17B9949B123E}.Release|Win32.Build.0 = Release|Win32
		{DA729B06-9097-4DA6-A86C-E97BC843B7C2}.Debug|Win32.ActiveCfg = Debug|Win32
		{DA729B06-9097-4DA6-A86C-E97BC843B7C2}.Debug|Win32.Build.0 = Debug|Win32
		{DA729B06-9097-4DA6-A86C-E97BC843B7C2}.Release|Win32.ActiveCfg = Release|Win32
		{DA729B06-9097-4DA6-A86C-E97BC843B7C2}.Release|Win32.Build.0 = Release|Win32
		{356A660D-07F5-4744-A423-E0128E7874A3}.Debug|Win32.ActiveCfg = Debug|Win32
		{356A660D-07F5-4744-A423-E0128E7874A3}.Debug|Win32.Build.0 = Debug|Win32
		{356A660D-07F5-4744-A423-E0128E7874A3}.Release|Win32.ActiveCfg = Release|Win32
		{356A660D-07F5-4744-A423-E0128E7874A3}.Release|Win32.Build.0 = Release|Win32
		{D80713DC-AF9C-424D-AA8A-204090DA6E5B}.Debug|Win32.ActiveCfg = Debug|Win32
		{D80713DC-AF9C-424D-AA8A-204090DA6E5B}.Debug|Win32.Build.0 = Debug|Win32
		{D80713DC-AF9C-424D-AA8A-204090DA6E5B}.Release|Win32.ActiveCfg = Release|Win32
		{D80713DC-AF9C-424D-AA8A-204090DA6E5B}.Release|Win32.Build.0 = Release|Win32
		{23AFA1F9-A301-4123-81D8-777D3DE349C4}.Debug|Win32.ActiveCfg = Debug|Win32
		{23AFA1F9-A301-4123-81D8-777D3DE349C4}.Debug|Win32.Build.0 = Debug|Win32
		{23AFA1F9-A301-4123-81D8-777D3DE349C4}.Release|Win32.ActiveCfg = Release|Win32
		{23AFA1F9-A301-4123-81D8-777D3DE349C4}.Release|Win32.Build.0 = Release|Win32
		{467226FB-7838-43FF-8ECA-199FAEA760D6}.Debug|Win32.ActiveCfg = Debug|Win32
		{467226FB-7838-43FF-8ECA-199FAEA760D6}.Debug|Win32.Build.0 = Debug|Win32
		{467226FB-7838-43FF-8ECA-199FAEA760D6}.Release|Win32.ActiveCfg = Release|Win32
		{467226FB-7838-43FF-8ECA-199FAEA760D6}.Release|Win32.Build.0 = Release|Win32
		{E5759321-6212-4CE4-B099-AAAE0055BB85}.Debug|Win32.ActiveCfg = Debug|Win32
		{E5759321-6212-4CE4-B099-AAAE0055BB85}.Debug|Win32.Build.0 = Debug|Win32
		{E5759321-6212-4CE4-B099-AAAE0055BB85}.Release|Win32.ActiveCfg = Release|Win32
		{E5759321-6212-4CE4-B099-AAAE0055BB85}.Release|Win32.Build.0 = Release|Win32
		{594C9AA1-A759-4DEB-A6E4-F079A5DFBA31}.Debug|Win32.ActiveCfg = Debug|Win32
		{594C9AA1-A759-4DEB-A6E4-F079A5DFBA31}.Debug|Win32.Build.0 = Debug|Win32
		{594C9AA1-A759-4DEB-A6E4-F079A5DFBA31}.Release|Win32.ActiveCfg = Release|Win32
		{594C9AA1-A759-4DEB-A6E4-F079A5DFBA31}.Release|Win32.Build.0 = Release|Win32
		{3C86FD37-9872-4302-A502-740E7D028D3A}.Debug|Win32.ActiveCfg = Debug|Win32
		{3C86FD37-9872-4302-A502-740E7D028D3A}.Debug|Win32.Build.0 = Debug|Win32
		{3C86FD37-9872-4302-A502-740E7D028D3A}.Release|Win32.ActiveCfg = Release|Win32
		{3C86FD37-9872-4302-A502-740E7D028D3A}.Release|Win32.Build.0 = Release|Win32
		{9CF8718E-A789-4DFC-9317-701671EC620E}.Debug|Win32.ActiveCfg = Debug|Win32
		{9CF8718E-A789-4DFC-9317-701671EC620E}.Debug|Win32.Build.0 = Debug|Win32
		{9CF8718E-A789-4DFC-9317-701671EC620E}.Release|Win32.ActiveCfg = Release|Win32
		{9CF8718E-A789-4DFC-9317-701671EC620E}.Release|Win32.Build.0 = Release|Win32
		{DC1E54E3-D6B3-454F-B5BE-D7ACA2D13C0D}.Debug|Win32.ActiveCfg = Debug|Win32
		{DC1E54E3-D6B3-454F-B5BE-D7ACA2D13C0D}.Debug|Win32.Build.0 = Debug|Win32
		{DC1E54E3-D6B3-454F-B5BE-D7ACA2D13C0D}.Release|Win32.ActiveCfg = Release|Win32
		{DC1E54E3-D6B3-454F-B5BE-D7ACA2D13C0D}.Release|Win32.Build.0 = Release|Win32
		{8D3CF9B7-05F2-4BCF-B833-27B279FDEAF3}.Debug|Win32.ActiveCfg = Debug|Win32
		{8D3CF9B7-05F2-4BCF-B833-27B279FDEAF3}.Debug|Win32.Build.0 = Debug|Win32
		{8D3CF9B7-05F2-4BCF-B833-27B279FDEAF3}.Release|Win32.ActiveCfg = Release|Win32
		{8D3CF9B7-05F2-4BCF-B833-27B279FDEAF3}.Release|Win32.Build.0 = Release|Win32
		{8D43785F-8B15-42AA-A8D1-6DE482FC06B8}.Debug|Win32.ActiveCfg = Debug|Win32
		{8D43785F-8B15-42AA-A8D1-6DE482FC06B8}.Debug|Win32.Build.0 = Debug|Win32
		{8D43785F-8B15-42AA-A8D1-6DE482FC06B8}.Release|Win32.ActiveCfg = Release|Win32
		{8D43785F-8B15-42AA-A8D1-6DE482FC06B8}.Release|Win32.Build.0 = Release|Win32
	EndGlobalSection
	GlobalSection(SolutionProperties) = preSolution
		HideSolutionNode = FALSE
	EndGlobalSection
EndGlobal
